
Microsoft Visual Studio Solution File, Format Version 11.00
# Visual Studio 2010
Project("{FAE04EC0-301F-11D3-BF4B-00C04F79EFBC}") = "Assembly-CSharp", "Assembly-CSharp.csproj", "{97CC36A9-28CA-DB5E-9A9B-A11DBD873CBB}"
EndProject
Project("{FAE04EC0-301F-11D3-BF4B-00C04F79EFBC}") = "Assembly-CSharp-Editor", "Assembly-CSharp-Editor.csproj", "{A0C471C4-D837-48C2-8CBE-7821EE36D87A}"
EndProject
Global
	GlobalSection(SolutionConfigurationPlatforms) = preSolution
		Debug|Any CPU = Debug|Any CPU
		Release|Any CPU = Release|Any CPU
	EndGlobalSection
	GlobalSection(ProjectConfigurationPlatforms) = postSolution
		{97CC36A9-28CA-DB5E-9A9B-A11DBD873CBB}.Debug|Any CPU.ActiveCfg = Debug|Any CPU
		{97CC36A9-28CA-DB5E-9A9B-A11DBD873CBB}.Debug|Any CPU.Build.0 = Debug|Any CPU
		{97CC36A9-28CA-DB5E-9A9B-A11DBD873CBB}.Release|Any CPU.ActiveCfg = Release|Any CPU
		{97CC36A9-28CA-DB5E-9A9B-A11DBD873CBB}.Release|Any CPU.Build.0 = Release|Any CPU
		{A0C471C4-D837-48C2-8CBE-7821EE36D87A}.Debug|Any CPU.ActiveCfg = Debug|Any CPU
		{A0C471C4-D837-48C2-8CBE-7821EE36D87A}.Debug|Any CPU.Build.0 = Debug|Any CPU
		{A0C471C4-D837-48C2-8CBE-7821EE36D87A}.Release|Any CPU.ActiveCfg = Release|Any CPU
		{A0C471C4-D837-48C2-8CBE-7821EE36D87A}.Release|Any CPU.Build.0 = Release|Any CPU
	EndGlobalSection
	GlobalSection(SolutionProperties) = preSolution
		HideSolutionNode = FALSE
	EndGlobalSection
EndGlobal
